
Microsoft Visual Studio Solution File, Format Version 12.00
# Visual Studio 14
VisualStudioVersion = 14.0.25420.1
MinimumVisualStudioVersion = 10.0.40219.1
Project("{FAE04EC0-301F-11D3-BF4B-00C04F79EFBC}") = "RastreioECO", "RastreioECO.csproj", "{2CAE46BC-2C3B-4E1E-B498-99DEE880E720}"
EndProject
Project("{FAE04EC0-301F-11D3-BF4B-00C04F79EFBC}") = "RastreioEco.Model", "..\RastreioEco.Model\RastreioEco.Model.csproj", "{F8FFAB26-66FE-42E7-BD79-B12393917628}"
EndProject
Project("{FAE04EC0-301F-11D3-BF4B-00C04F79EFBC}") = "RastreioECO.DAO", "RastreioECO.DAO\RastreioECO.DAO.csproj", "{54F11DDB-6498-444F-95DF-97C1B7A46110}"
EndProject
Project("{FAE04EC0-301F-11D3-BF4B-00C04F79EFBC}") = "RastreioECO.Infra", "RastreioECO.Infra\RastreioECO.Infra.csproj", "{6A53F843-DC43-4491-8E50-AC6A5CBAF8F4}"
EndProject
Project("{FAE04EC0-301F-11D3-BF4B-00C04F79EFBC}") = "RastreioECO.Test", "RastreioECO.Test\RastreioECO.Test.csproj", "{EACF4C76-FDBA-405B-8E14-4034FA358480}"
EndProject
Project("{FAE04EC0-301F-11D3-BF4B-00C04F79EFBC}") = "RastreioECO.Controller", "RastreioECO.Controller\RastreioECO.Controller.csproj", "{D9BB1826-09E9-4676-AFEC-519E5C4F8C31}"
EndProject
Project("{FAE04EC0-301F-11D3-BF4B-00C04F79EFBC}") = "RastreioECO.ViewModel", "RastreioECO.ViewModel\RastreioECO.ViewModel.csproj", "{967A4E45-F246-4655-9E8B-B96F71A48F0A}"
EndProject
Global
	GlobalSection(SolutionConfigurationPlatforms) = preSolution
		Debug|Any CPU = Debug|Any CPU
		Release|Any CPU = Release|Any CPU
	EndGlobalSection
	GlobalSection(ProjectConfigurationPlatforms) = postSolution
		{2CAE46BC-2C3B-4E1E-B498-99DEE880E720}.Debug|Any CPU.ActiveCfg = Debug|Any CPU
		{2CAE46BC-2C3B-4E1E-B498-99DEE880E720}.Debug|Any CPU.Build.0 = Debug|Any CPU
		{2CAE46BC-2C3B-4E1E-B498-99DEE880E720}.Release|Any CPU.ActiveCfg = Release|Any CPU
		{2CAE46BC-2C3B-4E1E-B498-99DEE880E720}.Release|Any CPU.Build.0 = Release|Any CPU
		{F8FFAB26-66FE-42E7-BD79-B12393917628}.Debug|Any CPU.ActiveCfg = Debug|Any CPU
		{F8FFAB26-66FE-42E7-BD79-B12393917628}.Debug|Any CPU.Build.0 = Debug|Any CPU
		{F8FFAB26-66FE-42E7-BD79-B12393917628}.Release|Any CPU.ActiveCfg = Release|Any CPU
		{F8FFAB26-66FE-42E7-BD79-B12393917628}.Release|Any CPU.Build.0 = Release|Any CPU
		{54F11DDB-6498-444F-95DF-97C1B7A46110}.Debug|Any CPU.ActiveCfg = Debug|Any CPU
		{54F11DDB-6498-444F-95DF-97C1B7A46110}.Debug|Any CPU.Build.0 = Debug|Any CPU
		{54F11DDB-6498-444F-95DF-97C1B7A46110}.Release|Any CPU.ActiveCfg = Release|Any CPU
		{54F11DDB-6498-444F-95DF-97C1B7A46110}.Release|Any CPU.Build.0 = Release|Any CPU
		{6A53F843-DC43-4491-8E50-AC6A5CBAF8F4}.Debug|Any CPU.ActiveCfg = Debug|Any CPU
		{6A53F843-DC43-4491-8E50-AC6A5CBAF8F4}.Debug|Any CPU.Build.0 = Debug|Any CPU
		{6A53F843-DC43-4491-8E50-AC6A5CBAF8F4}.Release|Any CPU.ActiveCfg = Release|Any CPU
		{6A53F843-DC43-4491-8E50-AC6A5CBAF8F4}.Release|Any CPU.Build.0 = Release|Any CPU
		{EACF4C76-FDBA-405B-8E14-4034FA358480}.Debug|Any CPU.ActiveCfg = Debug|Any CPU
		{EACF4C76-FDBA-405B-8E14-4034FA358480}.Debug|Any CPU.Build.0 = Debug|Any CPU
		{EACF4C76-FDBA-405B-8E14-4034FA358480}.Release|Any CPU.ActiveCfg = Release|Any CPU
		{EACF4C76-FDBA-405B-8E14-4034FA358480}.Release|Any CPU.Build.0 = Release|Any CPU
		{D9BB1826-09E9-4676-AFEC-519E5C4F8C31}.Debug|Any CPU.ActiveCfg = Debug|Any CPU
		{D9BB1826-09E9-4676-AFEC-519E5C4F8C31}.Debug|Any CPU.Build.0 = Debug|Any CPU
		{D9BB1826-09E9-4676-AFEC-519E5C4F8C31}.Release|Any CPU.ActiveCfg = Release|Any CPU
		{D9BB1826-09E9-4676-AFEC-519E5C4F8C31}.Release|Any CPU.Build.0 = Release|Any CPU
		{967A4E45-F246-4655-9E8B-B96F71A48F0A}.Debug|Any CPU.ActiveCfg = Debug|Any CPU
		{967A4E45-F246-4655-9E8B-B96F71A48F0A}.Debug|Any CPU.Build.0 = Debug|Any CPU
		{967A4E45-F246-4655-9E8B-B96F71A48F0A}.Release|Any CPU.ActiveCfg = Release|Any CPU
		{967A4E45-F246-4655-9E8B-B96F71A48F0A}.Release|Any CPU.Build.0 = Release|Any CPU
	EndGlobalSection
	GlobalSection(SolutionProperties) = preSolution
		HideSolutionNode = FALSE
	EndGlobalSection
EndGlobal
